
Microsoft Visual Studio Solution File, Format Version 12.00
# Visual Studio Version 16
VisualStudioVersion = 16.0.31019.35
MinimumVisualStudioVersion = 10.0.40219.1
Project("{8BC9CEB8-8B4A-11D0-8D11-00A0C91BC942}") = "test-11-18-2", "test-11-18-2.vcxproj", "{F0670FCE-C02E-4ECF-BAD0-14F618AEB5ED}"
EndProject
Global
	GlobalSection(SolutionConfigurationPlatforms) = preSolution
		Debug|x64 = Debug|x64
		Debug|x86 = Debug|x86
		Release|x64 = Release|x64
		Release|x86 = Release|x86
	EndGlobalSection
	GlobalSection(ProjectConfigurationPlatforms) = postSolution
		{F0670FCE-C02E-4ECF-BAD0-14F618AEB5ED}.Debug|x64.ActiveCfg = Debug|x64
		{F0670FCE-C02E-4ECF-BAD0-14F618AEB5ED}.Debug|x64.Build.0 = Debug|x64
		{F0670FCE-C02E-4ECF-BAD0-14F618AEB5ED}.Debug|x86.ActiveCfg = Debug|Win32
		{F0670FCE-C02E-4ECF-BAD0-14F618AEB5ED}.Debug|x86.Build.0 = Debug|Win32
		{F0670FCE-C02E-4ECF-BAD0-14F618AEB5ED}.Release|x64.ActiveCfg = Release|x64
		{F0670FCE-C02E-4ECF-BAD0-14F618AEB5ED}.Release|x64.Build.0 = Release|x64
		{F0670FCE-C02E-4ECF-BAD0-14F618AEB5ED}.Release|x86.ActiveCfg = Release|Win32
		{F0670FCE-C02E-4ECF-BAD0-14F618AEB5ED}.Release|x86.Build.0 = Release|Win32
	EndGlobalSection
	GlobalSection(SolutionProperties) = preSolution
		HideSolutionNode = FALSE
	EndGlobalSection
	GlobalSection(ExtensibilityGlobals) = postSolution
		SolutionGuid = {4AED520D-79A6-41BE-B3C0-DA9504BC5365}
	EndGlobalSection
EndGlobal
