
Microsoft Visual Studio Solution File, Format Version 12.00
# Visual Studio Version 16
VisualStudioVersion = 16.0.31019.35
MinimumVisualStudioVersion = 10.0.40219.1
Project("{8BC9CEB8-8B4A-11D0-8D11-00A0C91BC942}") = "test-11-14-stack_queue", "test-11-14-stack_queue.vcxproj", "{7D6DE7A1-F0C0-4353-BBE9-DC4123D91A22}"
EndProject
Global
	GlobalSection(SolutionConfigurationPlatforms) = preSolution
		Debug|x64 = Debug|x64
		Debug|x86 = Debug|x86
		Release|x64 = Release|x64
		Release|x86 = Release|x86
	EndGlobalSection
	GlobalSection(ProjectConfigurationPlatforms) = postSolution
		{7D6DE7A1-F0C0-4353-BBE9-DC4123D91A22}.Debug|x64.ActiveCfg = Debug|x64
		{7D6DE7A1-F0C0-4353-BBE9-DC4123D91A22}.Debug|x64.Build.0 = Debug|x64
		{7D6DE7A1-F0C0-4353-BBE9-DC4123D91A22}.Debug|x86.ActiveCfg = Debug|Win32
		{7D6DE7A1-F0C0-4353-BBE9-DC4123D91A22}.Debug|x86.Build.0 = Debug|Win32
		{7D6DE7A1-F0C0-4353-BBE9-DC4123D91A22}.Release|x64.ActiveCfg = Release|x64
		{7D6DE7A1-F0C0-4353-BBE9-DC4123D91A22}.Release|x64.Build.0 = Release|x64
		{7D6DE7A1-F0C0-4353-BBE9-DC4123D91A22}.Release|x86.ActiveCfg = Release|Win32
		{7D6DE7A1-F0C0-4353-BBE9-DC4123D91A22}.Release|x86.Build.0 = Release|Win32
	EndGlobalSection
	GlobalSection(SolutionProperties) = preSolution
		HideSolutionNode = FALSE
	EndGlobalSection
	GlobalSection(ExtensibilityGlobals) = postSolution
		SolutionGuid = {0A9E2C18-8680-47B2-8724-E8EBE48444B2}
	EndGlobalSection
EndGlobal
